# This file is automatically @generated by Cargo.
# It is not intended for manual editing.
[[package]]
name = "diglett"
version = "0.1.0"
dependencies = [
 "eyre",
]

[[package]]
name = "eyre"
version = "0.4.3"
source = "registry+https://github.com/rust-lang/crates.io-index"
checksum = "e9e412cbea04ea7af520b2f4d4ac1677ce546027a7237d8a40b494e34e1e0e31"
dependencies = [
 "indenter",
]

[[package]]
name = "indenter"
version = "0.3.0"
source = "registry+https://github.com/rust-lang/crates.io-index"
checksum = "e0bd112d44d9d870a6819eb505d04dd92b5e4d94bb8c304924a0872ae7016fb5"
